
Microsoft Visual Studio Solution File, Format Version 12.00
# Visual Studio Version 17
VisualStudioVersion = 17.8.34525.116
MinimumVisualStudioVersion = 10.0.40219.1
Project("{FAE04EC0-301F-11D3-BF4B-00C04F79EFBC}") = "MergeSortedArray", "MergeSortedArray\MergeSortedArray.csproj", "{4317F4AA-C476-4675-BFE4-FAEE3501695C}"
EndProject
Project("{FAE04EC0-301F-11D3-BF4B-00C04F79EFBC}") = "27RemoveElement", "27RemoveElement\27RemoveElement.csproj", "{1E0C6C11-5719-441E-93EE-76D06058AE0E}"
EndProject
Global
	GlobalSection(SolutionConfigurationPlatforms) = preSolution
		Debug|Any CPU = Debug|Any CPU
		Release|Any CPU = Release|Any CPU
	EndGlobalSection
	GlobalSection(ProjectConfigurationPlatforms) = postSolution
		{4317F4AA-C476-4675-BFE4-FAEE3501695C}.Debug|Any CPU.ActiveCfg = Debug|Any CPU
		{4317F4AA-C476-4675-BFE4-FAEE3501695C}.Debug|Any CPU.Build.0 = Debug|Any CPU
		{4317F4AA-C476-4675-BFE4-FAEE3501695C}.Release|Any CPU.ActiveCfg = Release|Any CPU
		{4317F4AA-C476-4675-BFE4-FAEE3501695C}.Release|Any CPU.Build.0 = Release|Any CPU
		{1E0C6C11-5719-441E-93EE-76D06058AE0E}.Debug|Any CPU.ActiveCfg = Debug|Any CPU
		{1E0C6C11-5719-441E-93EE-76D06058AE0E}.Debug|Any CPU.Build.0 = Debug|Any CPU
		{1E0C6C11-5719-441E-93EE-76D06058AE0E}.Release|Any CPU.ActiveCfg = Release|Any CPU
		{1E0C6C11-5719-441E-93EE-76D06058AE0E}.Release|Any CPU.Build.0 = Release|Any CPU
	EndGlobalSection
	GlobalSection(SolutionProperties) = preSolution
		HideSolutionNode = FALSE
	EndGlobalSection
	GlobalSection(ExtensibilityGlobals) = postSolution
		SolutionGuid = {D7E773EB-B6DC-47EB-A178-F6A301BBF215}
	EndGlobalSection
EndGlobal
