
Microsoft Visual Studio Solution File, Format Version 12.00
# Visual Studio Version 17
VisualStudioVersion = 17.8.34525.116
MinimumVisualStudioVersion = 10.0.40219.1
Project("{2150E333-8FDC-42A3-9474-1A3956D46DE8}") = "FrontEnd", "FrontEnd", "{067D9EAB-4A8A-4966-8402-CED31084D89D}"
EndProject
Project("{2150E333-8FDC-42A3-9474-1A3956D46DE8}") = "Gateway", "Gateway", "{D7016E3B-4B7B-48E3-A23D-F230275DCD50}"
EndProject
Project("{2150E333-8FDC-42A3-9474-1A3956D46DE8}") = "Integration", "Integration", "{4BFA7DB4-8B92-404B-8C70-7F50569CC399}"
EndProject
Project("{2150E333-8FDC-42A3-9474-1A3956D46DE8}") = "Services", "Services", "{C5731648-9574-4C39-8B3A-5A8770A5AEC7}"
EndProject
Project("{9A19103F-16F7-4668-BE54-9A1E7A4F7556}") = "Mango.Services.CouponApi", "Mangp.Services.CouponApi\Mango.Services.CouponApi.csproj", "{2494C919-D4C1-4635-9E8C-8839469BF63D}"
EndProject
Project("{9A19103F-16F7-4668-BE54-9A1E7A4F7556}") = "Mango.Web", "Mango.Web\Mango.Web.csproj", "{0CE78ED6-0E04-4A67-BA0C-862EC2AE2237}"
EndProject
Project("{FAE04EC0-301F-11D3-BF4B-00C04F79EFBC}") = "Mango.Services.AuthApi", "Mango.Services.AuthApi\Mango.Services.AuthApi.csproj", "{AA928E87-69D5-4DC9-AADB-2AB79D6EAC1A}"
EndProject
Project("{FAE04EC0-301F-11D3-BF4B-00C04F79EFBC}") = "Mango.Services.ProductAPI", "Mango.Services.ProductAPI\Mango.Services.ProductAPI.csproj", "{56B33353-AD9E-4BCB-AE62-9BBD9C081F46}"
EndProject
Global
	GlobalSection(SolutionConfigurationPlatforms) = preSolution
		Debug|Any CPU = Debug|Any CPU
		Release|Any CPU = Release|Any CPU
	EndGlobalSection
	GlobalSection(ProjectConfigurationPlatforms) = postSolution
		{2494C919-D4C1-4635-9E8C-8839469BF63D}.Debug|Any CPU.ActiveCfg = Debug|Any CPU
		{2494C919-D4C1-4635-9E8C-8839469BF63D}.Debug|Any CPU.Build.0 = Debug|Any CPU
		{2494C919-D4C1-4635-9E8C-8839469BF63D}.Release|Any CPU.ActiveCfg = Release|Any CPU
		{2494C919-D4C1-4635-9E8C-8839469BF63D}.Release|Any CPU.Build.0 = Release|Any CPU
		{0CE78ED6-0E04-4A67-BA0C-862EC2AE2237}.Debug|Any CPU.ActiveCfg = Debug|Any CPU
		{0CE78ED6-0E04-4A67-BA0C-862EC2AE2237}.Debug|Any CPU.Build.0 = Debug|Any CPU
		{0CE78ED6-0E04-4A67-BA0C-862EC2AE2237}.Release|Any CPU.ActiveCfg = Release|Any CPU
		{0CE78ED6-0E04-4A67-BA0C-862EC2AE2237}.Release|Any CPU.Build.0 = Release|Any CPU
		{AA928E87-69D5-4DC9-AADB-2AB79D6EAC1A}.Debug|Any CPU.ActiveCfg = Debug|Any CPU
		{AA928E87-69D5-4DC9-AADB-2AB79D6EAC1A}.Debug|Any CPU.Build.0 = Debug|Any CPU
		{AA928E87-69D5-4DC9-AADB-2AB79D6EAC1A}.Release|Any CPU.ActiveCfg = Release|Any CPU
		{AA928E87-69D5-4DC9-AADB-2AB79D6EAC1A}.Release|Any CPU.Build.0 = Release|Any CPU
		{56B33353-AD9E-4BCB-AE62-9BBD9C081F46}.Debug|Any CPU.ActiveCfg = Debug|Any CPU
		{56B33353-AD9E-4BCB-AE62-9BBD9C081F46}.Debug|Any CPU.Build.0 = Debug|Any CPU
		{56B33353-AD9E-4BCB-AE62-9BBD9C081F46}.Release|Any CPU.ActiveCfg = Release|Any CPU
		{56B33353-AD9E-4BCB-AE62-9BBD9C081F46}.Release|Any CPU.Build.0 = Release|Any CPU
	EndGlobalSection
	GlobalSection(SolutionProperties) = preSolution
		HideSolutionNode = FALSE
	EndGlobalSection
	GlobalSection(NestedProjects) = preSolution
		{2494C919-D4C1-4635-9E8C-8839469BF63D} = {C5731648-9574-4C39-8B3A-5A8770A5AEC7}
		{0CE78ED6-0E04-4A67-BA0C-862EC2AE2237} = {067D9EAB-4A8A-4966-8402-CED31084D89D}
		{AA928E87-69D5-4DC9-AADB-2AB79D6EAC1A} = {C5731648-9574-4C39-8B3A-5A8770A5AEC7}
		{56B33353-AD9E-4BCB-AE62-9BBD9C081F46} = {C5731648-9574-4C39-8B3A-5A8770A5AEC7}
	EndGlobalSection
	GlobalSection(ExtensibilityGlobals) = postSolution
		SolutionGuid = {93C4C878-FA80-4E04-B9C3-CF26A37E43C3}
	EndGlobalSection
EndGlobal
